
Microsoft Visual Studio Solution File, Format Version 12.00
# Visual Studio Version 17
VisualStudioVersion = 17.10.35004.147
MinimumVisualStudioVersion = 10.0.40219.1
Project("{FAE04EC0-301F-11D3-BF4B-00C04F79EFBC}") = "LeHungCuong_ASP_CDTT", "LeHungCuong_ASP_CDTT\LeHungCuong_ASP_CDTT.csproj", "{4A3691B5-46D2-4393-AACC-F4E7A09C9F6A}"
EndProject
Global
	GlobalSection(SolutionConfigurationPlatforms) = preSolution
		Debug|Any CPU = Debug|Any CPU
		Release|Any CPU = Release|Any CPU
	EndGlobalSection
	GlobalSection(ProjectConfigurationPlatforms) = postSolution
		{4A3691B5-46D2-4393-AACC-F4E7A09C9F6A}.Debug|Any CPU.ActiveCfg = Debug|Any CPU
		{4A3691B5-46D2-4393-AACC-F4E7A09C9F6A}.Debug|Any CPU.Build.0 = Debug|Any CPU
		{4A3691B5-46D2-4393-AACC-F4E7A09C9F6A}.Release|Any CPU.ActiveCfg = Release|Any CPU
		{4A3691B5-46D2-4393-AACC-F4E7A09C9F6A}.Release|Any CPU.Build.0 = Release|Any CPU
	EndGlobalSection
	GlobalSection(SolutionProperties) = preSolution
		HideSolutionNode = FALSE
	EndGlobalSection
	GlobalSection(ExtensibilityGlobals) = postSolution
		SolutionGuid = {7275D18A-22A5-4468-8738-ADC5A9C835F5}
	EndGlobalSection
EndGlobal
